
Microsoft Visual Studio Solution File, Format Version 12.00
# Visual Studio 2012
Project("{FAE04EC0-301F-11D3-BF4B-00C04F79EFBC}") = "GUIDTool", "GUIDTool\GUIDTool.csproj", "{5582C062-0DDE-4749-BF15-DCC42F227EAE}"
EndProject
Global
	GlobalSection(SolutionConfigurationPlatforms) = preSolution
		Debug|Any CPU = Debug|Any CPU
		Release|Any CPU = Release|Any CPU
	EndGlobalSection
	GlobalSection(ProjectConfigurationPlatforms) = postSolution
		{5582C062-0DDE-4749-BF15-DCC42F227EAE}.Debug|Any CPU.ActiveCfg = Debug|Any CPU
		{5582C062-0DDE-4749-BF15-DCC42F227EAE}.Debug|Any CPU.Build.0 = Debug|Any CPU
		{5582C062-0DDE-4749-BF15-DCC42F227EAE}.Release|Any CPU.ActiveCfg = Release|Any CPU
		{5582C062-0DDE-4749-BF15-DCC42F227EAE}.Release|Any CPU.Build.0 = Release|Any CPU
	EndGlobalSection
	GlobalSection(SolutionProperties) = preSolution
		HideSolutionNode = FALSE
	EndGlobalSection
EndGlobal
